
Microsoft Visual Studio Solution File, Format Version 12.00
# Visual Studio Version 17
Project("{8BC9CEB8-8B4A-11D0-8D11-00A0C91BC942}") = "Eventer", "Eventer\Eventer.vcxproj", "{1EAFD4DD-8A8E-5379-93A6-DE4FFF04BADA}"
EndProject
Project("{8BC9CEB8-8B4A-11D0-8D11-00A0C91BC942}") = "TestingApp", "TestingApp\TestingApp.vcxproj", "{E40B227E-D0C3-63CB-39CB-3C2725A2FEBB}"
EndProject
Global
	GlobalSection(SolutionConfigurationPlatforms) = preSolution
		Debug|x64 = Debug|x64
		Dist|x64 = Dist|x64
		Release|x64 = Release|x64
	EndGlobalSection
	GlobalSection(ProjectConfigurationPlatforms) = postSolution
		{1EAFD4DD-8A8E-5379-93A6-DE4FFF04BADA}.Debug|x64.ActiveCfg = Debug|x64
		{1EAFD4DD-8A8E-5379-93A6-DE4FFF04BADA}.Debug|x64.Build.0 = Debug|x64
		{1EAFD4DD-8A8E-5379-93A6-DE4FFF04BADA}.Dist|x64.ActiveCfg = Dist|x64
		{1EAFD4DD-8A8E-5379-93A6-DE4FFF04BADA}.Dist|x64.Build.0 = Dist|x64
		{1EAFD4DD-8A8E-5379-93A6-DE4FFF04BADA}.Release|x64.ActiveCfg = Release|x64
		{1EAFD4DD-8A8E-5379-93A6-DE4FFF04BADA}.Release|x64.Build.0 = Release|x64
		{E40B227E-D0C3-63CB-39CB-3C2725A2FEBB}.Debug|x64.ActiveCfg = Debug|x64
		{E40B227E-D0C3-63CB-39CB-3C2725A2FEBB}.Debug|x64.Build.0 = Debug|x64
		{E40B227E-D0C3-63CB-39CB-3C2725A2FEBB}.Dist|x64.ActiveCfg = Dist|x64
		{E40B227E-D0C3-63CB-39CB-3C2725A2FEBB}.Dist|x64.Build.0 = Dist|x64
		{E40B227E-D0C3-63CB-39CB-3C2725A2FEBB}.Release|x64.ActiveCfg = Release|x64
		{E40B227E-D0C3-63CB-39CB-3C2725A2FEBB}.Release|x64.Build.0 = Release|x64
	EndGlobalSection
	GlobalSection(SolutionProperties) = preSolution
		HideSolutionNode = FALSE
	EndGlobalSection
EndGlobal
